
Microsoft Visual Studio Solution File, Format Version 12.00
# Visual Studio Version 17
VisualStudioVersion = 17.4.33205.214
MinimumVisualStudioVersion = 10.0.40219.1
Project("{9A19103F-16F7-4668-BE54-9A1E7A4F7556}") = "Sprachfeatures", "Sprachfeatures\Sprachfeatures.csproj", "{C5830C58-C0AA-498D-A3DD-FCAF99F132BC}"
EndProject
Project("{9A19103F-16F7-4668-BE54-9A1E7A4F7556}") = "TopLevelStatements", "TopLevelStatements\TopLevelStatements.csproj", "{DF42F004-692A-4258-A176-82AB20656220}"
EndProject
Project("{9A19103F-16F7-4668-BE54-9A1E7A4F7556}") = "DelegatesEvents", "DelegatesEvents\DelegatesEvents.csproj", "{FEFA94F6-261B-4CEB-93AB-A67ED74B9C85}"
EndProject
Project("{9A19103F-16F7-4668-BE54-9A1E7A4F7556}") = "Generics", "Generics\Generics.csproj", "{905D0264-4CC8-4C0B-845D-114E8349F373}"
EndProject
Project("{9A19103F-16F7-4668-BE54-9A1E7A4F7556}") = "Serialisierung", "Serialisierung\Serialisierung.csproj", "{8412FB4E-D4DD-4EB5-889B-9091E9A6FC6B}"
EndProject
Project("{9A19103F-16F7-4668-BE54-9A1E7A4F7556}") = "Multitasking", "Multitasking\Multitasking.csproj", "{01723E77-0B50-4ED2-88E7-C75FA75C564D}"
EndProject
Project("{9A19103F-16F7-4668-BE54-9A1E7A4F7556}") = "Sonstiges", "Sonstiges\Sonstiges.csproj", "{5575C860-54A1-423B-ADBB-6B95DFA60462}"
EndProject
Project("{9A19103F-16F7-4668-BE54-9A1E7A4F7556}") = "AsyncAwait", "AsyncAwait\AsyncAwait.csproj", "{4175C6C4-EEDD-418B-8928-17DECFC6D099}"
EndProject
Project("{9A19103F-16F7-4668-BE54-9A1E7A4F7556}") = "AsyncAwaitWPF", "AsyncAwaitWPF\AsyncAwaitWPF.csproj", "{A84A884C-F2E9-4C66-9783-19C4DB442D41}"
EndProject
Project("{FAE04EC0-301F-11D3-BF4B-00C04F79EFBC}") = "LinqErweiterungsmethoden", "LinqErweiterungsmethoden\LinqErweiterungsmethoden.csproj", "{EACF001F-066A-4AC3-A3E5-F14772416D50}"
EndProject
Global
	GlobalSection(SolutionConfigurationPlatforms) = preSolution
		Debug|Any CPU = Debug|Any CPU
		Release|Any CPU = Release|Any CPU
	EndGlobalSection
	GlobalSection(ProjectConfigurationPlatforms) = postSolution
		{C5830C58-C0AA-498D-A3DD-FCAF99F132BC}.Debug|Any CPU.ActiveCfg = Debug|Any CPU
		{C5830C58-C0AA-498D-A3DD-FCAF99F132BC}.Debug|Any CPU.Build.0 = Debug|Any CPU
		{C5830C58-C0AA-498D-A3DD-FCAF99F132BC}.Release|Any CPU.ActiveCfg = Release|Any CPU
		{C5830C58-C0AA-498D-A3DD-FCAF99F132BC}.Release|Any CPU.Build.0 = Release|Any CPU
		{DF42F004-692A-4258-A176-82AB20656220}.Debug|Any CPU.ActiveCfg = Debug|Any CPU
		{DF42F004-692A-4258-A176-82AB20656220}.Debug|Any CPU.Build.0 = Debug|Any CPU
		{DF42F004-692A-4258-A176-82AB20656220}.Release|Any CPU.ActiveCfg = Release|Any CPU
		{DF42F004-692A-4258-A176-82AB20656220}.Release|Any CPU.Build.0 = Release|Any CPU
		{FEFA94F6-261B-4CEB-93AB-A67ED74B9C85}.Debug|Any CPU.ActiveCfg = Debug|Any CPU
		{FEFA94F6-261B-4CEB-93AB-A67ED74B9C85}.Debug|Any CPU.Build.0 = Debug|Any CPU
		{FEFA94F6-261B-4CEB-93AB-A67ED74B9C85}.Release|Any CPU.ActiveCfg = Release|Any CPU
		{FEFA94F6-261B-4CEB-93AB-A67ED74B9C85}.Release|Any CPU.Build.0 = Release|Any CPU
		{905D0264-4CC8-4C0B-845D-114E8349F373}.Debug|Any CPU.ActiveCfg = Debug|Any CPU
		{905D0264-4CC8-4C0B-845D-114E8349F373}.Debug|Any CPU.Build.0 = Debug|Any CPU
		{905D0264-4CC8-4C0B-845D-114E8349F373}.Release|Any CPU.ActiveCfg = Release|Any CPU
		{905D0264-4CC8-4C0B-845D-114E8349F373}.Release|Any CPU.Build.0 = Release|Any CPU
		{8412FB4E-D4DD-4EB5-889B-9091E9A6FC6B}.Debug|Any CPU.ActiveCfg = Debug|Any CPU
		{8412FB4E-D4DD-4EB5-889B-9091E9A6FC6B}.Debug|Any CPU.Build.0 = Debug|Any CPU
		{8412FB4E-D4DD-4EB5-889B-9091E9A6FC6B}.Release|Any CPU.ActiveCfg = Release|Any CPU
		{8412FB4E-D4DD-4EB5-889B-9091E9A6FC6B}.Release|Any CPU.Build.0 = Release|Any CPU
		{01723E77-0B50-4ED2-88E7-C75FA75C564D}.Debug|Any CPU.ActiveCfg = Debug|Any CPU
		{01723E77-0B50-4ED2-88E7-C75FA75C564D}.Debug|Any CPU.Build.0 = Debug|Any CPU
		{01723E77-0B50-4ED2-88E7-C75FA75C564D}.Release|Any CPU.ActiveCfg = Release|Any CPU
		{01723E77-0B50-4ED2-88E7-C75FA75C564D}.Release|Any CPU.Build.0 = Release|Any CPU
		{5575C860-54A1-423B-ADBB-6B95DFA60462}.Debug|Any CPU.ActiveCfg = Debug|Any CPU
		{5575C860-54A1-423B-ADBB-6B95DFA60462}.Debug|Any CPU.Build.0 = Debug|Any CPU
		{5575C860-54A1-423B-ADBB-6B95DFA60462}.Release|Any CPU.ActiveCfg = Release|Any CPU
		{5575C860-54A1-423B-ADBB-6B95DFA60462}.Release|Any CPU.Build.0 = Release|Any CPU
		{4175C6C4-EEDD-418B-8928-17DECFC6D099}.Debug|Any CPU.ActiveCfg = Debug|Any CPU
		{4175C6C4-EEDD-418B-8928-17DECFC6D099}.Debug|Any CPU.Build.0 = Debug|Any CPU
		{4175C6C4-EEDD-418B-8928-17DECFC6D099}.Release|Any CPU.ActiveCfg = Release|Any CPU
		{4175C6C4-EEDD-418B-8928-17DECFC6D099}.Release|Any CPU.Build.0 = Release|Any CPU
		{A84A884C-F2E9-4C66-9783-19C4DB442D41}.Debug|Any CPU.ActiveCfg = Debug|Any CPU
		{A84A884C-F2E9-4C66-9783-19C4DB442D41}.Debug|Any CPU.Build.0 = Debug|Any CPU
		{A84A884C-F2E9-4C66-9783-19C4DB442D41}.Release|Any CPU.ActiveCfg = Release|Any CPU
		{A84A884C-F2E9-4C66-9783-19C4DB442D41}.Release|Any CPU.Build.0 = Release|Any CPU
		{EACF001F-066A-4AC3-A3E5-F14772416D50}.Debug|Any CPU.ActiveCfg = Debug|Any CPU
		{EACF001F-066A-4AC3-A3E5-F14772416D50}.Debug|Any CPU.Build.0 = Debug|Any CPU
		{EACF001F-066A-4AC3-A3E5-F14772416D50}.Release|Any CPU.ActiveCfg = Release|Any CPU
		{EACF001F-066A-4AC3-A3E5-F14772416D50}.Release|Any CPU.Build.0 = Release|Any CPU
	EndGlobalSection
	GlobalSection(SolutionProperties) = preSolution
		HideSolutionNode = FALSE
	EndGlobalSection
	GlobalSection(ExtensibilityGlobals) = postSolution
		SolutionGuid = {86BB4902-000C-4526-804B-C223C49687DA}
	EndGlobalSection
EndGlobal
